
Microsoft Visual Studio Solution File, Format Version 12.00
# Visual Studio Version 17
VisualStudioVersion = 17.14.36429.23 d17.14
MinimumVisualStudioVersion = 10.0.40219.1
Project("{FAE04EC0-301F-11D3-BF4B-00C04F79EFBC}") = "Comp367Lab1Web", "Comp367Lab1Web.csproj", "{6EF85C53-8CB5-4779-BB39-D25D5D0CFFD6}"
EndProject
Global
	GlobalSection(SolutionConfigurationPlatforms) = preSolution
		Debug|Any CPU = Debug|Any CPU
		Release|Any CPU = Release|Any CPU
	EndGlobalSection
	GlobalSection(ProjectConfigurationPlatforms) = postSolution
		{6EF85C53-8CB5-4779-BB39-D25D5D0CFFD6}.Debug|Any CPU.ActiveCfg = Debug|Any CPU
		{6EF85C53-8CB5-4779-BB39-D25D5D0CFFD6}.Debug|Any CPU.Build.0 = Debug|Any CPU
		{6EF85C53-8CB5-4779-BB39-D25D5D0CFFD6}.Release|Any CPU.ActiveCfg = Release|Any CPU
		{6EF85C53-8CB5-4779-BB39-D25D5D0CFFD6}.Release|Any CPU.Build.0 = Release|Any CPU
	EndGlobalSection
	GlobalSection(SolutionProperties) = preSolution
		HideSolutionNode = FALSE
	EndGlobalSection
	GlobalSection(ExtensibilityGlobals) = postSolution
		SolutionGuid = {E6E3EA89-A74F-4936-B48D-005755C64B01}
	EndGlobalSection
EndGlobal
